// !$*UTF8*$!
{
	archiveVersion = 1;
	classes = {
	};
	objectVersion = 56;
	objects = {

/* Begin PBXBuildFile section */
		AD93E5592BC2A76A006F4FF3 /* ST_SpotifyApp.swift in Sources */ = {isa = PBXBuildFile; fileRef = AD93E5582BC2A76A006F4FF3 /* ST_SpotifyApp.swift */; };
		AD93E55B2BC2A76A006F4FF3 /* ContentView.swift in Sources */ = {isa = PBXBuildFile; fileRef = AD93E55A2BC2A76A006F4FF3 /* ContentView.swift */; };
		AD93E55D2BC2A76D006F4FF3 /* Assets.xcassets in Resources */ = {isa = PBXBuildFile; fileRef = AD93E55C2BC2A76D006F4FF3 /* Assets.xcassets */; };
		AD93E5602BC2A76D006F4FF3 /* Preview Assets.xcassets in Resources */ = {isa = PBXBuildFile; fileRef = AD93E55F2BC2A76D006F4FF3 /* Preview Assets.xcassets */; };
		AD93E5682BC2A7BC006F4FF3 /* SDWebImageSwiftUI in Frameworks */ = {isa = PBXBuildFile; productRef = AD93E5672BC2A7BC006F4FF3 /* SDWebImageSwiftUI */; };
		AD93E56B2BC2A7DE006F4FF3 /* ImageLoaderView.swift in Sources */ = {isa = PBXBuildFile; fileRef = AD93E56A2BC2A7DE006F4FF3 /* ImageLoaderView.swift */; };
		AD93E56D2BC2A815006F4FF3 /* Constants.swift in Sources */ = {isa = PBXBuildFile; fileRef = AD93E56C2BC2A815006F4FF3 /* Constants.swift */; };
		AD93E56F2BC2A995006F4FF3 /* DatabaseHelper.swift in Sources */ = {isa = PBXBuildFile; fileRef = AD93E56E2BC2A995006F4FF3 /* DatabaseHelper.swift */; };
		AD93E5712BC2AC52006F4FF3 /* Product.swift in Sources */ = {isa = PBXBuildFile; fileRef = AD93E5702BC2AC52006F4FF3 /* Product.swift */; };
		AD93E5732BC2AC58006F4FF3 /* User.swift in Sources */ = {isa = PBXBuildFile; fileRef = AD93E5722BC2AC58006F4FF3 /* User.swift */; };
		AD93E5762BC2AEFF006F4FF3 /* SwiftfulUI in Frameworks */ = {isa = PBXBuildFile; productRef = AD93E5752BC2AEFF006F4FF3 /* SwiftfulUI */; };
		AD93E5792BC2AF1B006F4FF3 /* SwiftfulRouting in Frameworks */ = {isa = PBXBuildFile; productRef = AD93E5782BC2AF1B006F4FF3 /* SwiftfulRouting */; };
/* End PBXBuildFile section */

/* Begin PBXFileReference section */
		AD93E5552BC2A76A006F4FF3 /* ST_Spotify.app */ = {isa = PBXFileReference; explicitFileType = wrapper.application; includeInIndex = 0; path = ST_Spotify.app; sourceTree = BUILT_PRODUCTS_DIR; };
		AD93E5582BC2A76A006F4FF3 /* ST_SpotifyApp.swift */ = {isa = PBXFileReference; lastKnownFileType = sourcecode.swift; path = ST_SpotifyApp.swift; sourceTree = "<group>"; };
		AD93E55A2BC2A76A006F4FF3 /* ContentView.swift */ = {isa = PBXFileReference; lastKnownFileType = sourcecode.swift; path = ContentView.swift; sourceTree = "<group>"; };
		AD93E55C2BC2A76D006F4FF3 /* Assets.xcassets */ = {isa = PBXFileReference; lastKnownFileType = folder.assetcatalog; path = Assets.xcassets; sourceTree = "<group>"; };
		AD93E55F2BC2A76D006F4FF3 /* Preview Assets.xcassets */ = {isa = PBXFileReference; lastKnownFileType = folder.assetcatalog; path = "Preview Assets.xcassets"; sourceTree = "<group>"; };
		AD93E56A2BC2A7DE006F4FF3 /* ImageLoaderView.swift */ = {isa = PBXFileReference; lastKnownFileType = sourcecode.swift; path = ImageLoaderView.swift; sourceTree = "<group>"; };
		AD93E56C2BC2A815006F4FF3 /* Constants.swift */ = {isa = PBXFileReference; lastKnownFileType = sourcecode.swift; path = Constants.swift; sourceTree = "<group>"; };
		AD93E56E2BC2A995006F4FF3 /* DatabaseHelper.swift */ = {isa = PBXFileReference; lastKnownFileType = sourcecode.swift; path = DatabaseHelper.swift; sourceTree = "<group>"; };
		AD93E5702BC2AC52006F4FF3 /* Product.swift */ = {isa = PBXFileReference; lastKnownFileType = sourcecode.swift; path = Product.swift; sourceTree = "<group>"; };
		AD93E5722BC2AC58006F4FF3 /* User.swift */ = {isa = PBXFileReference; lastKnownFileType = sourcecode.swift; path = User.swift; sourceTree = "<group>"; };
/* End PBXFileReference section */

/* Begin PBXFrameworksBuildPhase section */
		AD93E5522BC2A76A006F4FF3 /* Frameworks */ = {
			isa = PBXFrameworksBuildPhase;
			buildActionMask = 2147483647;
			files = (
				AD93E5762BC2AEFF006F4FF3 /* SwiftfulUI in Frameworks */,
				AD93E5792BC2AF1B006F4FF3 /* SwiftfulRouting in Frameworks */,
				AD93E5682BC2A7BC006F4FF3 /* SDWebImageSwiftUI in Frameworks */,
			);
			runOnlyForDeploymentPostprocessing = 0;
		};
/* End PBXFrameworksBuildPhase section */

/* Begin PBXGroup section */
		AD93E54C2BC2A76A006F4FF3 = {
			isa = PBXGroup;
			children = (
				AD93E5572BC2A76A006F4FF3 /* ST_Spotify */,
				AD93E5562BC2A76A006F4FF3 /* Products */,
			);
			sourceTree = "<group>";
		};
		AD93E5562BC2A76A006F4FF3 /* Products */ = {
			isa = PBXGroup;
			children = (
				AD93E5552BC2A76A006F4FF3 /* ST_Spotify.app */,
			);
			name = Products;
			sourceTree = "<group>";
		};
		AD93E5572BC2A76A006F4FF3 /* ST_Spotify */ = {
			isa = PBXGroup;
			children = (
				AD93E5582BC2A76A006F4FF3 /* ST_SpotifyApp.swift */,
				AD93E55A2BC2A76A006F4FF3 /* ContentView.swift */,
				AD93E5692BC2A7C8006F4FF3 /* Shared */,
				AD93E55C2BC2A76D006F4FF3 /* Assets.xcassets */,
				AD93E55E2BC2A76D006F4FF3 /* Preview Content */,
			);
			path = ST_Spotify;
			sourceTree = "<group>";
		};
		AD93E55E2BC2A76D006F4FF3 /* Preview Content */ = {
			isa = PBXGroup;
			children = (
				AD93E55F2BC2A76D006F4FF3 /* Preview Assets.xcassets */,
			);
			path = "Preview Content";
			sourceTree = "<group>";
		};
		AD93E5692BC2A7C8006F4FF3 /* Shared */ = {
			isa = PBXGroup;
			children = (
				AD93E56A2BC2A7DE006F4FF3 /* ImageLoaderView.swift */,
				AD93E56C2BC2A815006F4FF3 /* Constants.swift */,
				AD93E56E2BC2A995006F4FF3 /* DatabaseHelper.swift */,
				AD93E5702BC2AC52006F4FF3 /* Product.swift */,
				AD93E5722BC2AC58006F4FF3 /* User.swift */,
			);
			path = Shared;
			sourceTree = "<group>";
		};
/* End PBXGroup section */

/* Begin PBXNativeTarget section */
		AD93E5542BC2A76A006F4FF3 /* ST_Spotify */ = {
			isa = PBXNativeTarget;
			buildConfigurationList = AD93E5632BC2A76D006F4FF3 /* Build configuration list for PBXNativeTarget "ST_Spotify" */;
			buildPhases = (
				AD93E5512BC2A76A006F4FF3 /* Sources */,
				AD93E5522BC2A76A006F4FF3 /* Frameworks */,
				AD93E5532BC2A76A006F4FF3 /* Resources */,
			);
			buildRules = (
			);
			dependencies = (
			);
			name = ST_Spotify;
			packageProductDependencies = (
				AD93E5672BC2A7BC006F4FF3 /* SDWebImageSwiftUI */,
				AD93E5752BC2AEFF006F4FF3 /* SwiftfulUI */,
				AD93E5782BC2AF1B006F4FF3 /* SwiftfulRouting */,
			);
			productName = ST_Spotify;
			productReference = AD93E5552BC2A76A006F4FF3 /* ST_Spotify.app */;
			productType = "com.apple.product-type.application";
		};
/* End PBXNativeTarget section */

/* Begin PBXProject section */
		AD93E54D2BC2A76A006F4FF3 /* Project object */ = {
			isa = PBXProject;
			attributes = {
				BuildIndependentTargetsInParallel = 1;
				LastSwiftUpdateCheck = 1520;
				LastUpgradeCheck = 1520;
				TargetAttributes = {
					AD93E5542BC2A76A006F4FF3 = {
						CreatedOnToolsVersion = 15.2;
					};
				};
			};
			buildConfigurationList = AD93E5502BC2A76A006F4FF3 /* Build configuration list for PBXProject "ST_Spotify" */;
			compatibilityVersion = "Xcode 14.0";
			developmentRegion = en;
			hasScannedForEncodings = 0;
			knownRegions = (
				en,
				Base,
			);
			mainGroup = AD93E54C2BC2A76A006F4FF3;
			packageReferences = (
				AD93E5662BC2A7BB006F4FF3 /* XCRemoteSwiftPackageReference "SDWebImageSwiftUI" */,
				AD93E5742BC2AEFF006F4FF3 /* XCRemoteSwiftPackageReference "SwiftfulUI" */,
				AD93E5772BC2AF1B006F4FF3 /* XCRemoteSwiftPackageReference "SwiftfulRouting" */,
			);
			productRefGroup = AD93E5562BC2A76A006F4FF3 /* Products */;
			projectDirPath = "";
			projectRoot = "";
			targets = (
				AD93E5542BC2A76A006F4FF3 /* ST_Spotify */,
			);
		};
/* End PBXProject section */

/* Begin PBXResourcesBuildPhase section */
		AD93E5532BC2A76A006F4FF3 /* Resources */ = {
			isa = PBXResourcesBuildPhase;
			buildActionMask = 2147483647;
			files = (
				AD93E5602BC2A76D006F4FF3 /* Preview Assets.xcassets in Resources */,
				AD93E55D2BC2A76D006F4FF3 /* Assets.xcassets in Resources */,
			);
			runOnlyForDeploymentPostprocessing = 0;
		};
/* End PBXResourcesBuildPhase section */

/* Begin PBXSourcesBuildPhase section */
		AD93E5512BC2A76A006F4FF3 /* Sources */ = {
			isa = PBXSourcesBuildPhase;
			buildActionMask = 2147483647;
			files = (
				AD93E56B2BC2A7DE006F4FF3 /* ImageLoaderView.swift in Sources */,
				AD93E56F2BC2A995006F4FF3 /* DatabaseHelper.swift in Sources */,
				AD93E55B2BC2A76A006F4FF3 /* ContentView.swift in Sources */,
				AD93E5592BC2A76A006F4FF3 /* ST_SpotifyApp.swift in Sources */,
				AD93E56D2BC2A815006F4FF3 /* Constants.swift in Sources */,
				AD93E5712BC2AC52006F4FF3 /* Product.swift in Sources */,
				AD93E5732BC2AC58006F4FF3 /* User.swift in Sources */,
			);
			runOnlyForDeploymentPostprocessing = 0;
		};
/* End PBXSourcesBuildPhase section */

/* Begin XCBuildConfiguration section */
		AD93E5612BC2A76D006F4FF3 /* Debug */ = {
			isa = XCBuildConfiguration;
			buildSettings = {
				ALWAYS_SEARCH_USER_PATHS = NO;
				ASSETCATALOG_COMPILER_GENERATE_SWIFT_ASSET_SYMBOL_EXTENSIONS = YES;
				CLANG_ANALYZER_NONNULL = YES;
				CLANG_ANALYZER_NUMBER_OBJECT_CONVERSION = YES_AGGRESSIVE;
				CLANG_CXX_LANGUAGE_STANDARD = "gnu++20";
				CLANG_ENABLE_MODULES = YES;
				CLANG_ENABLE_OBJC_ARC = YES;
				CLANG_ENABLE_OBJC_WEAK = YES;
				CLANG_WARN_BLOCK_CAPTURE_AUTORELEASING = YES;
				CLANG_WARN_BOOL_CONVERSION = YES;
				CLANG_WARN_COMMA = YES;
				CLANG_WARN_CONSTANT_CONVERSION = YES;
				CLANG_WARN_DEPRECATED_OBJC_IMPLEMENTATIONS = YES;
				CLANG_WARN_DIRECT_OBJC_ISA_USAGE = YES_ERROR;
				CLANG_WARN_DOCUMENTATION_COMMENTS = YES;
				CLANG_WARN_EMPTY_BODY = YES;
				CLANG_WARN_ENUM_CONVERSION = YES;
				CLANG_WARN_INFINITE_RECURSION = YES;
				CLANG_WARN_INT_CONVERSION = YES;
				CLANG_WARN_NON_LITERAL_NULL_CONVERSION = YES;
				CLANG_WARN_OBJC_IMPLICIT_RETAIN_SELF = YES;
				CLANG_WARN_OBJC_LITERAL_CONVERSION = YES;
				CLANG_WARN_OBJC_ROOT_CLASS = YES_ERROR;
				CLANG_WARN_QUOTED_INCLUDE_IN_FRAMEWORK_HEADER = YES;
				CLANG_WARN_RANGE_LOOP_ANALYSIS = YES;
				CLANG_WARN_STRICT_PROTOTYPES = YES;
				CLANG_WARN_SUSPICIOUS_MOVE = YES;
				CLANG_WARN_UNGUARDED_AVAILABILITY = YES_AGGRESSIVE;
				CLANG_WARN_UNREACHABLE_CODE = YES;
				CLANG_WARN__DUPLICATE_METHOD_MATCH = YES;
				COPY_PHASE_STRIP = NO;
				DEBUG_INFORMATION_FORMAT = dwarf;
				ENABLE_STRICT_OBJC_MSGSEND = YES;
				ENABLE_TESTABILITY = YES;
				ENABLE_USER_SCRIPT_SANDBOXING = YES;
				GCC_C_LANGUAGE_STANDARD = gnu17;
				GCC_DYNAMIC_NO_PIC = NO;
				GCC_NO_COMMON_BLOCKS = YES;
				GCC_OPTIMIZATION_LEVEL = 0;
				GCC_PREPROCESSOR_DEFINITIONS = (
					"DEBUG=1",
					"$(inherited)",
				);
				GCC_WARN_64_TO_32_BIT_CONVERSION = YES;
				GCC_WARN_ABOUT_RETURN_TYPE = YES_ERROR;
				GCC_WARN_UNDECLARED_SELECTOR = YES;
				GCC_WARN_UNINITIALIZED_AUTOS = YES_AGGRESSIVE;
				GCC_WARN_UNUSED_FUNCTION = YES;
				GCC_WARN_UNUSED_VARIABLE = YES;
				IPHONEOS_DEPLOYMENT_TARGET = 17.2;
				LOCALIZATION_PREFERS_STRING_CATALOGS = YES;
				MTL_ENABLE_DEBUG_INFO = INCLUDE_SOURCE;
				MTL_FAST_MATH = YES;
				ONLY_ACTIVE_ARCH = YES;
				SDKROOT = iphoneos;
				SWIFT_ACTIVE_COMPILATION_CONDITIONS = "DEBUG $(inherited)";
				SWIFT_OPTIMIZATION_LEVEL = "-Onone";
			};
			name = Debug;
		};
		AD93E5622BC2A76D006F4FF3 /* Release */ = {
			isa = XCBuildConfiguration;
			buildSettings = {
				ALWAYS_SEARCH_USER_PATHS = NO;
				ASSETCATALOG_COMPILER_GENERATE_SWIFT_ASSET_SYMBOL_EXTENSIONS = YES;
				CLANG_ANALYZER_NONNULL = YES;
				CLANG_ANALYZER_NUMBER_OBJECT_CONVERSION = YES_AGGRESSIVE;
				CLANG_CXX_LANGUAGE_STANDARD = "gnu++20";
				CLANG_ENABLE_MODULES = YES;
				CLANG_ENABLE_OBJC_ARC = YES;
				CLANG_ENABLE_OBJC_WEAK = YES;
				CLANG_WARN_BLOCK_CAPTURE_AUTORELEASING = YES;
				CLANG_WARN_BOOL_CONVERSION = YES;
				CLANG_WARN_COMMA = YES;
				CLANG_WARN_CONSTANT_CONVERSION = YES;
				CLANG_WARN_DEPRECATED_OBJC_IMPLEMENTATIONS = YES;
				CLANG_WARN_DIRECT_OBJC_ISA_USAGE = YES_ERROR;
				CLANG_WARN_DOCUMENTATION_COMMENTS = YES;
				CLANG_WARN_EMPTY_BODY = YES;
				CLANG_WARN_ENUM_CONVERSION = YES;
				CLANG_WARN_INFINITE_RECURSION = YES;
				CLANG_WARN_INT_CONVERSION = YES;
				CLANG_WARN_NON_LITERAL_NULL_CONVERSION = YES;
				CLANG_WARN_OBJC_IMPLICIT_RETAIN_SELF = YES;
				CLANG_WARN_OBJC_LITERAL_CONVERSION = YES;
				CLANG_WARN_OBJC_ROOT_CLASS = YES_ERROR;
				CLANG_WARN_QUOTED_INCLUDE_IN_FRAMEWORK_HEADER = YES;
				CLANG_WARN_RANGE_LOOP_ANALYSIS = YES;
				CLANG_WARN_STRICT_PROTOTYPES = YES;
				CLANG_WARN_SUSPICIOUS_MOVE = YES;
				CLANG_WARN_UNGUARDED_AVAILABILITY = YES_AGGRESSIVE;
				CLANG_WARN_UNREACHABLE_CODE = YES;
				CLANG_WARN__DUPLICATE_METHOD_MATCH = YES;
				COPY_PHASE_STRIP = NO;
				DEBUG_INFORMATION_FORMAT = "dwarf-with-dsym";
				ENABLE_NS_ASSERTIONS = NO;
				ENABLE_STRICT_OBJC_MSGSEND = YES;
				ENABLE_USER_SCRIPT_SANDBOXING = YES;
				GCC_C_LANGUAGE_STANDARD = gnu17;
				GCC_NO_COMMON_BLOCKS = YES;
				GCC_WARN_64_TO_32_BIT_CONVERSION = YES;
				GCC_WARN_ABOUT_RETURN_TYPE = YES_ERROR;
				GCC_WARN_UNDECLARED_SELECTOR = YES;
				GCC_WARN_UNINITIALIZED_AUTOS = YES_AGGRESSIVE;
				GCC_WARN_UNUSED_FUNCTION = YES;
				GCC_WARN_UNUSED_VARIABLE = YES;
				IPHONEOS_DEPLOYMENT_TARGET = 17.2;
				LOCALIZATION_PREFERS_STRING_CATALOGS = YES;
				MTL_ENABLE_DEBUG_INFO = NO;
				MTL_FAST_MATH = YES;
				SDKROOT = iphoneos;
				SWIFT_COMPILATION_MODE = wholemodule;
				VALIDATE_PRODUCT = YES;
			};
			name = Release;
		};
		AD93E5642BC2A76D006F4FF3 /* Debug */ = {
			isa = XCBuildConfiguration;
			buildSettings = {
				ASSETCATALOG_COMPILER_APPICON_NAME = AppIcon;
				ASSETCATALOG_COMPILER_GLOBAL_ACCENT_COLOR_NAME = AccentColor;
				CODE_SIGN_STYLE = Automatic;
				CURRENT_PROJECT_VERSION = 1;
				DEVELOPMENT_ASSET_PATHS = "\"ST_Spotify/Preview Content\"";
				DEVELOPMENT_TEAM = 92M23D65YY;
				ENABLE_PREVIEWS = YES;
				GENERATE_INFOPLIST_FILE = YES;
				INFOPLIST_KEY_UIApplicationSceneManifest_Generation = YES;
				INFOPLIST_KEY_UIApplicationSupportsIndirectInputEvents = YES;
				INFOPLIST_KEY_UILaunchScreen_Generation = YES;
				INFOPLIST_KEY_UISupportedInterfaceOrientations_iPad = "UIInterfaceOrientationPortrait UIInterfaceOrientationPortraitUpsideDown UIInterfaceOrientationLandscapeLeft UIInterfaceOrientationLandscapeRight";
				INFOPLIST_KEY_UISupportedInterfaceOrientations_iPhone = "UIInterfaceOrientationPortrait UIInterfaceOrientationLandscapeLeft UIInterfaceOrientationLandscapeRight";
				LD_RUNPATH_SEARCH_PATHS = (
					"$(inherited)",
					"@executable_path/Frameworks",
				);
				MARKETING_VERSION = 1.0;
				PRODUCT_BUNDLE_IDENTIFIER = "com.akbarshah.ST-Spotify";
				PRODUCT_NAME = "$(TARGET_NAME)";
				SWIFT_EMIT_LOC_STRINGS = YES;
				SWIFT_VERSION = 5.0;
				TARGETED_DEVICE_FAMILY = "1,2";
			};
			name = Debug;
		};
		AD93E5652BC2A76D006F4FF3 /* Release */ = {
			isa = XCBuildConfiguration;
			buildSettings = {
				ASSETCATALOG_COMPILER_APPICON_NAME = AppIcon;
				ASSETCATALOG_COMPILER_GLOBAL_ACCENT_COLOR_NAME = AccentColor;
				CODE_SIGN_STYLE = Automatic;
				CURRENT_PROJECT_VERSION = 1;
				DEVELOPMENT_ASSET_PATHS = "\"ST_Spotify/Preview Content\"";
				DEVELOPMENT_TEAM = 92M23D65YY;
				ENABLE_PREVIEWS = YES;
				GENERATE_INFOPLIST_FILE = YES;
				INFOPLIST_KEY_UIApplicationSceneManifest_Generation = YES;
				INFOPLIST_KEY_UIApplicationSupportsIndirectInputEvents = YES;
				INFOPLIST_KEY_UILaunchScreen_Generation = YES;
				INFOPLIST_KEY_UISupportedInterfaceOrientations_iPad = "UIInterfaceOrientationPortrait UIInterfaceOrientationPortraitUpsideDown UIInterfaceOrientationLandscapeLeft UIInterfaceOrientationLandscapeRight";
				INFOPLIST_KEY_UISupportedInterfaceOrientations_iPhone = "UIInterfaceOrientationPortrait UIInterfaceOrientationLandscapeLeft UIInterfaceOrientationLandscapeRight";
				LD_RUNPATH_SEARCH_PATHS = (
					"$(inherited)",
					"@executable_path/Frameworks",
				);
				MARKETING_VERSION = 1.0;
				PRODUCT_BUNDLE_IDENTIFIER = "com.akbarshah.ST-Spotify";
				PRODUCT_NAME = "$(TARGET_NAME)";
				SWIFT_EMIT_LOC_STRINGS = YES;
				SWIFT_VERSION = 5.0;
				TARGETED_DEVICE_FAMILY = "1,2";
			};
			name = Release;
		};
/* End XCBuildConfiguration section */

/* Begin XCConfigurationList section */
		AD93E5502BC2A76A006F4FF3 /* Build configuration list for PBXProject "ST_Spotify" */ = {
			isa = XCConfigurationList;
			buildConfigurations = (
				AD93E5612BC2A76D006F4FF3 /* Debug */,
				AD93E5622BC2A76D006F4FF3 /* Release */,
			);
			defaultConfigurationIsVisible = 0;
			defaultConfigurationName = Release;
		};
		AD93E5632BC2A76D006F4FF3 /* Build configuration list for PBXNativeTarget "ST_Spotify" */ = {
			isa = XCConfigurationList;
			buildConfigurations = (
				AD93E5642BC2A76D006F4FF3 /* Debug */,
				AD93E5652BC2A76D006F4FF3 /* Release */,
			);
			defaultConfigurationIsVisible = 0;
			defaultConfigurationName = Release;
		};
/* End XCConfigurationList section */

/* Begin XCRemoteSwiftPackageReference section */
		AD93E5662BC2A7BB006F4FF3 /* XCRemoteSwiftPackageReference "SDWebImageSwiftUI" */ = {
			isa = XCRemoteSwiftPackageReference;
			repositoryURL = "https://github.com/SDWebImage/SDWebImageSwiftUI.git";
			requirement = {
				kind = upToNextMajorVersion;
				minimumVersion = 3.0.2;
			};
		};
		AD93E5742BC2AEFF006F4FF3 /* XCRemoteSwiftPackageReference "SwiftfulUI" */ = {
			isa = XCRemoteSwiftPackageReference;
			repositoryURL = "https://github.com/SwiftfulThinking/SwiftfulUI.git";
			requirement = {
				kind = upToNextMajorVersion;
				minimumVersion = 1.2.0;
			};
		};
		AD93E5772BC2AF1B006F4FF3 /* XCRemoteSwiftPackageReference "SwiftfulRouting" */ = {
			isa = XCRemoteSwiftPackageReference;
			repositoryURL = "https://github.com/SwiftfulThinking/SwiftfulRouting.git";
			requirement = {
				kind = upToNextMajorVersion;
				minimumVersion = 5.3.2;
			};
		};
/* End XCRemoteSwiftPackageReference section */

/* Begin XCSwiftPackageProductDependency section */
		AD93E5672BC2A7BC006F4FF3 /* SDWebImageSwiftUI */ = {
			isa = XCSwiftPackageProductDependency;
			package = AD93E5662BC2A7BB006F4FF3 /* XCRemoteSwiftPackageReference "SDWebImageSwiftUI" */;
			productName = SDWebImageSwiftUI;
		};
		AD93E5752BC2AEFF006F4FF3 /* SwiftfulUI */ = {
			isa = XCSwiftPackageProductDependency;
			package = AD93E5742BC2AEFF006F4FF3 /* XCRemoteSwiftPackageReference "SwiftfulUI" */;
			productName = SwiftfulUI;
		};
		AD93E5782BC2AF1B006F4FF3 /* SwiftfulRouting */ = {
			isa = XCSwiftPackageProductDependency;
			package = AD93E5772BC2AF1B006F4FF3 /* XCRemoteSwiftPackageReference "SwiftfulRouting" */;
			productName = SwiftfulRouting;
		};
/* End XCSwiftPackageProductDependency section */
	};
	rootObject = AD93E54D2BC2A76A006F4FF3 /* Project object */;
}
